{
  "object": {
    "pins": [
      {
        "package": "Down",
        "repositoryURL": "https://github.com/iwasrobbed/Down",
        "state": {
          "branch": null,
          "revision": "731f6bbab24ab208ea2d6a944e3f8a8a9d5273c7",
          "version": "0.9.4"
        }
      },
      {
        "package": "Parma",
        "repositoryURL": "https://github.com/dasautoooo/Parma",
        "state": {
          "branch": null,
          "revision": "5aa1de6cdbbd37a38d56f3b55bed94d1dc48ec96",
          "version": "0.2.0"
        }
      },
      {
        "package": "Introspect",
        "repositoryURL": "https://github.com/siteline/SwiftUI-Introspect.git",
        "state": {
          "branch": null,
          "revision": "f1ec9da347a7fbe53c520d35434f6c2295650bd5",
          "version": "0.1.1"
        }
      },
      {
        "package": "SwiftUIRefresh",
        "repositoryURL": "https://github.com/timbersoftware/SwiftUIRefresh.git",
        "state": {
          "branch": null,
          "revision": "fa8fac7b5eb5c729983a8bef65f094b5e0d12014",
          "version": "0.0.3"
        }
      }
    ]
  },
  "version": 1
}
