// !$*UTF8*$!
{
	archiveVersion = 1;
	classes = {
	};
	objectVersion = 50;
	objects = {

/* Begin PBXBuildFile section */
		324117E72528979F00D85220 /* ListRow.swift in Sources */ = {isa = PBXBuildFile; fileRef = 324117E62528979F00D85220 /* ListRow.swift */; };
		324117ED25290D4700D85220 /* NewNote.swift in Sources */ = {isa = PBXBuildFile; fileRef = 324117EC25290D4700D85220 /* NewNote.swift */; };
		32731B43252767DB0031CADD /* ShareDataApp.swift in Sources */ = {isa = PBXBuildFile; fileRef = 32731B42252767DB0031CADD /* ShareDataApp.swift */; };
		32731B47252767DE0031CADD /* Assets.xcassets in Resources */ = {isa = PBXBuildFile; fileRef = 32731B46252767DE0031CADD /* Assets.xcassets */; };
		32731B4A252767DE0031CADD /* Preview Assets.xcassets in Resources */ = {isa = PBXBuildFile; fileRef = 32731B49252767DE0031CADD /* Preview Assets.xcassets */; };
		32731B54252768040031CADD /* Data.swift in Sources */ = {isa = PBXBuildFile; fileRef = 32731B53252768040031CADD /* Data.swift */; };
		32731B5825287FCB0031CADD /* NoteList.swift in Sources */ = {isa = PBXBuildFile; fileRef = 32731B5725287FCB0031CADD /* NoteList.swift */; };
		32731B5B252886140031CADD /* NoteDetail.swift in Sources */ = {isa = PBXBuildFile; fileRef = 32731B5A252886140031CADD /* NoteDetail.swift */; };
/* End PBXBuildFile section */

/* Begin PBXFileReference section */
		3228B23A252B42B600674B0D /* ShareData.entitlements */ = {isa = PBXFileReference; lastKnownFileType = text.plist.entitlements; path = ShareData.entitlements; sourceTree = "<group>"; };
		324117E62528979F00D85220 /* ListRow.swift */ = {isa = PBXFileReference; lastKnownFileType = sourcecode.swift; path = ListRow.swift; sourceTree = "<group>"; };
		324117EC25290D4700D85220 /* NewNote.swift */ = {isa = PBXFileReference; lastKnownFileType = sourcecode.swift; path = NewNote.swift; sourceTree = "<group>"; };
		32731B3F252767DB0031CADD /* ShareData.app */ = {isa = PBXFileReference; explicitFileType = wrapper.application; includeInIndex = 0; path = ShareData.app; sourceTree = BUILT_PRODUCTS_DIR; };
		32731B42252767DB0031CADD /* ShareDataApp.swift */ = {isa = PBXFileReference; lastKnownFileType = sourcecode.swift; path = ShareDataApp.swift; sourceTree = "<group>"; };
		32731B46252767DE0031CADD /* Assets.xcassets */ = {isa = PBXFileReference; lastKnownFileType = folder.assetcatalog; path = Assets.xcassets; sourceTree = "<group>"; };
		32731B49252767DE0031CADD /* Preview Assets.xcassets */ = {isa = PBXFileReference; lastKnownFileType = folder.assetcatalog; path = "Preview Assets.xcassets"; sourceTree = "<group>"; };
		32731B4B252767DE0031CADD /* Info.plist */ = {isa = PBXFileReference; lastKnownFileType = text.plist.xml; path = Info.plist; sourceTree = "<group>"; };
		32731B53252768040031CADD /* Data.swift */ = {isa = PBXFileReference; lastKnownFileType = sourcecode.swift; path = Data.swift; sourceTree = "<group>"; };
		32731B5725287FCB0031CADD /* NoteList.swift */ = {isa = PBXFileReference; lastKnownFileType = sourcecode.swift; path = NoteList.swift; sourceTree = "<group>"; };
		32731B5A252886140031CADD /* NoteDetail.swift */ = {isa = PBXFileReference; lastKnownFileType = sourcecode.swift; path = NoteDetail.swift; sourceTree = "<group>"; };
/* End PBXFileReference section */

/* Begin PBXFrameworksBuildPhase section */
		32731B3C252767DB0031CADD /* Frameworks */ = {
			isa = PBXFrameworksBuildPhase;
			buildActionMask = 2147483647;
			files = (
			);
			runOnlyForDeploymentPostprocessing = 0;
		};
/* End PBXFrameworksBuildPhase section */

/* Begin PBXGroup section */
		32731B36252767DB0031CADD = {
			isa = PBXGroup;
			children = (
				32731B41252767DB0031CADD /* ShareData */,
				32731B40252767DB0031CADD /* Products */,
			);
			sourceTree = "<group>";
		};
		32731B40252767DB0031CADD /* Products */ = {
			isa = PBXGroup;
			children = (
				32731B3F252767DB0031CADD /* ShareData.app */,
			);
			name = Products;
			sourceTree = "<group>";
		};
		32731B41252767DB0031CADD /* ShareData */ = {
			isa = PBXGroup;
			children = (
				3228B23A252B42B600674B0D /* ShareData.entitlements */,
				32731B52252767EC0031CADD /* Models */,
				32731B42252767DB0031CADD /* ShareDataApp.swift */,
				32731B46252767DE0031CADD /* Assets.xcassets */,
				32731B4B252767DE0031CADD /* Info.plist */,
				32731B48252767DE0031CADD /* Preview Content */,
				32731B5725287FCB0031CADD /* NoteList.swift */,
				32731B5A252886140031CADD /* NoteDetail.swift */,
				324117E62528979F00D85220 /* ListRow.swift */,
				324117EC25290D4700D85220 /* NewNote.swift */,
			);
			path = ShareData;
			sourceTree = "<group>";
		};
		32731B48252767DE0031CADD /* Preview Content */ = {
			isa = PBXGroup;
			children = (
				32731B49252767DE0031CADD /* Preview Assets.xcassets */,
			);
			path = "Preview Content";
			sourceTree = "<group>";
		};
		32731B52252767EC0031CADD /* Models */ = {
			isa = PBXGroup;
			children = (
				32731B53252768040031CADD /* Data.swift */,
			);
			path = Models;
			sourceTree = "<group>";
		};
/* End PBXGroup section */

/* Begin PBXNativeTarget section */
		32731B3E252767DB0031CADD /* ShareData */ = {
			isa = PBXNativeTarget;
			buildConfigurationList = 32731B4E252767DE0031CADD /* Build configuration list for PBXNativeTarget "ShareData" */;
			buildPhases = (
				32731B3B252767DB0031CADD /* Sources */,
				32731B3C252767DB0031CADD /* Frameworks */,
				32731B3D252767DB0031CADD /* Resources */,
			);
			buildRules = (
			);
			dependencies = (
			);
			name = ShareData;
			productName = ShareData;
			productReference = 32731B3F252767DB0031CADD /* ShareData.app */;
			productType = "com.apple.product-type.application";
		};
/* End PBXNativeTarget section */

/* Begin PBXProject section */
		32731B37252767DB0031CADD /* Project object */ = {
			isa = PBXProject;
			attributes = {
				LastSwiftUpdateCheck = 1200;
				LastUpgradeCheck = 1200;
				TargetAttributes = {
					32731B3E252767DB0031CADD = {
						CreatedOnToolsVersion = 12.0.1;
					};
				};
			};
			buildConfigurationList = 32731B3A252767DB0031CADD /* Build configuration list for PBXProject "ShareData" */;
			compatibilityVersion = "Xcode 9.3";
			developmentRegion = en;
			hasScannedForEncodings = 0;
			knownRegions = (
				en,
				Base,
			);
			mainGroup = 32731B36252767DB0031CADD;
			productRefGroup = 32731B40252767DB0031CADD /* Products */;
			projectDirPath = "";
			projectRoot = "";
			targets = (
				32731B3E252767DB0031CADD /* ShareData */,
			);
		};
/* End PBXProject section */

/* Begin PBXResourcesBuildPhase section */
		32731B3D252767DB0031CADD /* Resources */ = {
			isa = PBXResourcesBuildPhase;
			buildActionMask = 2147483647;
			files = (
				32731B4A252767DE0031CADD /* Preview Assets.xcassets in Resources */,
				32731B47252767DE0031CADD /* Assets.xcassets in Resources */,
			);
			runOnlyForDeploymentPostprocessing = 0;
		};
/* End PBXResourcesBuildPhase section */

/* Begin PBXSourcesBuildPhase section */
		32731B3B252767DB0031CADD /* Sources */ = {
			isa = PBXSourcesBuildPhase;
			buildActionMask = 2147483647;
			files = (
				32731B5825287FCB0031CADD /* NoteList.swift in Sources */,
				324117E72528979F00D85220 /* ListRow.swift in Sources */,
				32731B43252767DB0031CADD /* ShareDataApp.swift in Sources */,
				324117ED25290D4700D85220 /* NewNote.swift in Sources */,
				32731B54252768040031CADD /* Data.swift in Sources */,
				32731B5B252886140031CADD /* NoteDetail.swift in Sources */,
			);
			runOnlyForDeploymentPostprocessing = 0;
		};
/* End PBXSourcesBuildPhase section */

/* Begin XCBuildConfiguration section */
		32731B4C252767DE0031CADD /* Debug */ = {
			isa = XCBuildConfiguration;
			buildSettings = {
				ALWAYS_SEARCH_USER_PATHS = NO;
				CLANG_ANALYZER_NONNULL = YES;
				CLANG_ANALYZER_NUMBER_OBJECT_CONVERSION = YES_AGGRESSIVE;
				CLANG_CXX_LANGUAGE_STANDARD = "gnu++14";
				CLANG_CXX_LIBRARY = "libc++";
				CLANG_ENABLE_MODULES = YES;
				CLANG_ENABLE_OBJC_ARC = YES;
				CLANG_ENABLE_OBJC_WEAK = YES;
				CLANG_WARN_BLOCK_CAPTURE_AUTORELEASING = YES;
				CLANG_WARN_BOOL_CONVERSION = YES;
				CLANG_WARN_COMMA = YES;
				CLANG_WARN_CONSTANT_CONVERSION = YES;
				CLANG_WARN_DEPRECATED_OBJC_IMPLEMENTATIONS = YES;
				CLANG_WARN_DIRECT_OBJC_ISA_USAGE = YES_ERROR;
				CLANG_WARN_DOCUMENTATION_COMMENTS = YES;
				CLANG_WARN_EMPTY_BODY = YES;
				CLANG_WARN_ENUM_CONVERSION = YES;
				CLANG_WARN_INFINITE_RECURSION = YES;
				CLANG_WARN_INT_CONVERSION = YES;
				CLANG_WARN_NON_LITERAL_NULL_CONVERSION = YES;
				CLANG_WARN_OBJC_IMPLICIT_RETAIN_SELF = YES;
				CLANG_WARN_OBJC_LITERAL_CONVERSION = YES;
				CLANG_WARN_OBJC_ROOT_CLASS = YES_ERROR;
				CLANG_WARN_QUOTED_INCLUDE_IN_FRAMEWORK_HEADER = YES;
				CLANG_WARN_RANGE_LOOP_ANALYSIS = YES;
				CLANG_WARN_STRICT_PROTOTYPES = YES;
				CLANG_WARN_SUSPICIOUS_MOVE = YES;
				CLANG_WARN_UNGUARDED_AVAILABILITY = YES_AGGRESSIVE;
				CLANG_WARN_UNREACHABLE_CODE = YES;
				CLANG_WARN__DUPLICATE_METHOD_MATCH = YES;
				COPY_PHASE_STRIP = NO;
				DEBUG_INFORMATION_FORMAT = dwarf;
				ENABLE_STRICT_OBJC_MSGSEND = YES;
				ENABLE_TESTABILITY = YES;
				GCC_C_LANGUAGE_STANDARD = gnu11;
				GCC_DYNAMIC_NO_PIC = NO;
				GCC_NO_COMMON_BLOCKS = YES;
				GCC_OPTIMIZATION_LEVEL = 0;
				GCC_PREPROCESSOR_DEFINITIONS = (
					"DEBUG=1",
					"$(inherited)",
				);
				GCC_WARN_64_TO_32_BIT_CONVERSION = YES;
				GCC_WARN_ABOUT_RETURN_TYPE = YES_ERROR;
				GCC_WARN_UNDECLARED_SELECTOR = YES;
				GCC_WARN_UNINITIALIZED_AUTOS = YES_AGGRESSIVE;
				GCC_WARN_UNUSED_FUNCTION = YES;
				GCC_WARN_UNUSED_VARIABLE = YES;
				IPHONEOS_DEPLOYMENT_TARGET = 14.0;
				MTL_ENABLE_DEBUG_INFO = INCLUDE_SOURCE;
				MTL_FAST_MATH = YES;
				ONLY_ACTIVE_ARCH = YES;
				SDKROOT = iphoneos;
				SWIFT_ACTIVE_COMPILATION_CONDITIONS = DEBUG;
				SWIFT_OPTIMIZATION_LEVEL = "-Onone";
			};
			name = Debug;
		};
		32731B4D252767DE0031CADD /* Release */ = {
			isa = XCBuildConfiguration;
			buildSettings = {
				ALWAYS_SEARCH_USER_PATHS = NO;
				CLANG_ANALYZER_NONNULL = YES;
				CLANG_ANALYZER_NUMBER_OBJECT_CONVERSION = YES_AGGRESSIVE;
				CLANG_CXX_LANGUAGE_STANDARD = "gnu++14";
				CLANG_CXX_LIBRARY = "libc++";
				CLANG_ENABLE_MODULES = YES;
				CLANG_ENABLE_OBJC_ARC = YES;
				CLANG_ENABLE_OBJC_WEAK = YES;
				CLANG_WARN_BLOCK_CAPTURE_AUTORELEASING = YES;
				CLANG_WARN_BOOL_CONVERSION = YES;
				CLANG_WARN_COMMA = YES;
				CLANG_WARN_CONSTANT_CONVERSION = YES;
				CLANG_WARN_DEPRECATED_OBJC_IMPLEMENTATIONS = YES;
				CLANG_WARN_DIRECT_OBJC_ISA_USAGE = YES_ERROR;
				CLANG_WARN_DOCUMENTATION_COMMENTS = YES;
				CLANG_WARN_EMPTY_BODY = YES;
				CLANG_WARN_ENUM_CONVERSION = YES;
				CLANG_WARN_INFINITE_RECURSION = YES;
				CLANG_WARN_INT_CONVERSION = YES;
				CLANG_WARN_NON_LITERAL_NULL_CONVERSION = YES;
				CLANG_WARN_OBJC_IMPLICIT_RETAIN_SELF = YES;
				CLANG_WARN_OBJC_LITERAL_CONVERSION = YES;
				CLANG_WARN_OBJC_ROOT_CLASS = YES_ERROR;
				CLANG_WARN_QUOTED_INCLUDE_IN_FRAMEWORK_HEADER = YES;
				CLANG_WARN_RANGE_LOOP_ANALYSIS = YES;
				CLANG_WARN_STRICT_PROTOTYPES = YES;
				CLANG_WARN_SUSPICIOUS_MOVE = YES;
				CLANG_WARN_UNGUARDED_AVAILABILITY = YES_AGGRESSIVE;
				CLANG_WARN_UNREACHABLE_CODE = YES;
				CLANG_WARN__DUPLICATE_METHOD_MATCH = YES;
				COPY_PHASE_STRIP = NO;
				DEBUG_INFORMATION_FORMAT = "dwarf-with-dsym";
				ENABLE_NS_ASSERTIONS = NO;
				ENABLE_STRICT_OBJC_MSGSEND = YES;
				GCC_C_LANGUAGE_STANDARD = gnu11;
				GCC_NO_COMMON_BLOCKS = YES;
				GCC_WARN_64_TO_32_BIT_CONVERSION = YES;
				GCC_WARN_ABOUT_RETURN_TYPE = YES_ERROR;
				GCC_WARN_UNDECLARED_SELECTOR = YES;
				GCC_WARN_UNINITIALIZED_AUTOS = YES_AGGRESSIVE;
				GCC_WARN_UNUSED_FUNCTION = YES;
				GCC_WARN_UNUSED_VARIABLE = YES;
				IPHONEOS_DEPLOYMENT_TARGET = 14.0;
				MTL_ENABLE_DEBUG_INFO = NO;
				MTL_FAST_MATH = YES;
				SDKROOT = iphoneos;
				SWIFT_COMPILATION_MODE = wholemodule;
				SWIFT_OPTIMIZATION_LEVEL = "-O";
				VALIDATE_PRODUCT = YES;
			};
			name = Release;
		};
		32731B4F252767DE0031CADD /* Debug */ = {
			isa = XCBuildConfiguration;
			buildSettings = {
				ASSETCATALOG_COMPILER_APPICON_NAME = AppIcon;
				ASSETCATALOG_COMPILER_GLOBAL_ACCENT_COLOR_NAME = AccentColor;
				CODE_SIGN_ENTITLEMENTS = ShareData/ShareData.entitlements;
				CODE_SIGN_STYLE = Automatic;
				CURRENT_PROJECT_VERSION = 3;
				DEVELOPMENT_ASSET_PATHS = "\"ShareData/Preview Content\"";
				DEVELOPMENT_TEAM = BBX4M6XN45;
				ENABLE_PREVIEWS = YES;
				INFOPLIST_FILE = ShareData/Info.plist;
				IPHONEOS_DEPLOYMENT_TARGET = 14.0;
				LD_RUNPATH_SEARCH_PATHS = (
					"$(inherited)",
					"@executable_path/Frameworks",
				);
				MARKETING_VERSION = 0.0.2;
				PRODUCT_BUNDLE_IDENTIFIER = com.mitrovic.purenote;
				PRODUCT_NAME = "$(TARGET_NAME)";
				SWIFT_VERSION = 5.0;
				TARGETED_DEVICE_FAMILY = "1,2";
			};
			name = Debug;
		};
		32731B50252767DE0031CADD /* Release */ = {
			isa = XCBuildConfiguration;
			buildSettings = {
				ASSETCATALOG_COMPILER_APPICON_NAME = AppIcon;
				ASSETCATALOG_COMPILER_GLOBAL_ACCENT_COLOR_NAME = AccentColor;
				CODE_SIGN_ENTITLEMENTS = ShareData/ShareData.entitlements;
				CODE_SIGN_STYLE = Automatic;
				CURRENT_PROJECT_VERSION = 3;
				DEVELOPMENT_ASSET_PATHS = "\"ShareData/Preview Content\"";
				DEVELOPMENT_TEAM = BBX4M6XN45;
				ENABLE_PREVIEWS = YES;
				INFOPLIST_FILE = ShareData/Info.plist;
				IPHONEOS_DEPLOYMENT_TARGET = 14.0;
				LD_RUNPATH_SEARCH_PATHS = (
					"$(inherited)",
					"@executable_path/Frameworks",
				);
				MARKETING_VERSION = 0.0.2;
				PRODUCT_BUNDLE_IDENTIFIER = com.mitrovic.purenote;
				PRODUCT_NAME = "$(TARGET_NAME)";
				SWIFT_VERSION = 5.0;
				TARGETED_DEVICE_FAMILY = "1,2";
			};
			name = Release;
		};
/* End XCBuildConfiguration section */

/* Begin XCConfigurationList section */
		32731B3A252767DB0031CADD /* Build configuration list for PBXProject "ShareData" */ = {
			isa = XCConfigurationList;
			buildConfigurations = (
				32731B4C252767DE0031CADD /* Debug */,
				32731B4D252767DE0031CADD /* Release */,
			);
			defaultConfigurationIsVisible = 0;
			defaultConfigurationName = Release;
		};
		32731B4E252767DE0031CADD /* Build configuration list for PBXNativeTarget "ShareData" */ = {
			isa = XCConfigurationList;
			buildConfigurations = (
				32731B4F252767DE0031CADD /* Debug */,
				32731B50252767DE0031CADD /* Release */,
			);
			defaultConfigurationIsVisible = 0;
			defaultConfigurationName = Release;
		};
/* End XCConfigurationList section */
	};
	rootObject = 32731B37252767DB0031CADD /* Project object */;
}
